
Microsoft Visual Studio Solution File, Format Version 12.00
# Visual Studio Version 17
VisualStudioVersion = 17.13.35806.99 d17.13
MinimumVisualStudioVersion = 10.0.40219.1
Project("{FAE04EC0-301F-11D3-BF4B-00C04F79EFBC}") = "SIA-RAMOS-PROJ", "SIA-RAMOS-PROJ\SIA-RAMOS-PROJ.csproj", "{35C6B533-29DF-4411-8FD7-3E9ACEBB88EC}"
EndProject
Global
	GlobalSection(SolutionConfigurationPlatforms) = preSolution
		Debug|Any CPU = Debug|Any CPU
		Release|Any CPU = Release|Any CPU
	EndGlobalSection
	GlobalSection(ProjectConfigurationPlatforms) = postSolution
		{35C6B533-29DF-4411-8FD7-3E9ACEBB88EC}.Debug|Any CPU.ActiveCfg = Debug|Any CPU
		{35C6B533-29DF-4411-8FD7-3E9ACEBB88EC}.Debug|Any CPU.Build.0 = Debug|Any CPU
		{35C6B533-29DF-4411-8FD7-3E9ACEBB88EC}.Release|Any CPU.ActiveCfg = Release|Any CPU
		{35C6B533-29DF-4411-8FD7-3E9ACEBB88EC}.Release|Any CPU.Build.0 = Release|Any CPU
	EndGlobalSection
	GlobalSection(SolutionProperties) = preSolution
		HideSolutionNode = FALSE
	EndGlobalSection
	GlobalSection(ExtensibilityGlobals) = postSolution
		SolutionGuid = {DB3182F2-9706-420F-BAE5-EAB9C4570D67}
	EndGlobalSection
EndGlobal
